// !$*UTF8*$!
{
	archiveVersion = 1;
	classes = {
	};
	objectVersion = 46;
	objects = {

/* Begin PBXBuildFile section */
		D8DB56F8190E9AA000ABEAA8 /* Foundation.framework in Frameworks */ = {isa = PBXBuildFile; fileRef = D8DB56F7190E9AA000ABEAA8 /* Foundation.framework */; };
		D8DB56FA190E9AA000ABEAA8 /* CoreGraphics.framework in Frameworks */ = {isa = PBXBuildFile; fileRef = D8DB56F9190E9AA000ABEAA8 /* CoreGraphics.framework */; };
		D8DB56FC190E9AA000ABEAA8 /* UIKit.framework in Frameworks */ = {isa = PBXBuildFile; fileRef = D8DB56FB190E9AA000ABEAA8 /* UIKit.framework */; };
		D8DB5702190E9AA000ABEAA8 /* InfoPlist.strings in Resources */ = {isa = PBXBuildFile; fileRef = D8DB5700190E9AA000ABEAA8 /* InfoPlist.strings */; };
		D8DB5704190E9AA000ABEAA8 /* main.m in Sources */ = {isa = PBXBuildFile; fileRef = D8DB5703190E9AA000ABEAA8 /* main.m */; };
		D8DB5708190E9AA000ABEAA8 /* AppDelegate.m in Sources */ = {isa = PBXBuildFile; fileRef = D8DB5707190E9AA000ABEAA8 /* AppDelegate.m */; };
		D8DB570A190E9AA000ABEAA8 /* Images.xcassets in Resources */ = {isa = PBXBuildFile; fileRef = D8DB5709190E9AA000ABEAA8 /* Images.xcassets */; };
		D8DB5711190E9AA000ABEAA8 /* XCTest.framework in Frameworks */ = {isa = PBXBuildFile; fileRef = D8DB5710190E9AA000ABEAA8 /* XCTest.framework */; };
		D8DB5712190E9AA000ABEAA8 /* Foundation.framework in Frameworks */ = {isa = PBXBuildFile; fileRef = D8DB56F7190E9AA000ABEAA8 /* Foundation.framework */; };
		D8DB5713190E9AA000ABEAA8 /* UIKit.framework in Frameworks */ = {isa = PBXBuildFile; fileRef = D8DB56FB190E9AA000ABEAA8 /* UIKit.framework */; };
		D8DB571B190E9AA000ABEAA8 /* InfoPlist.strings in Resources */ = {isa = PBXBuildFile; fileRef = D8DB5719190E9AA000ABEAA8 /* InfoPlist.strings */; };
		D8DB571D190E9AA000ABEAA8 /* Photo_BombersTests.m in Sources */ = {isa = PBXBuildFile; fileRef = D8DB571C190E9AA000ABEAA8 /* Photo_BombersTests.m */; };
/* End PBXBuildFile section */

/* Begin PBXContainerItemProxy section */
		D8DB5714190E9AA000ABEAA8 /* PBXContainerItemProxy */ = {
			isa = PBXContainerItemProxy;
			containerPortal = D8DB56EC190E9AA000ABEAA8 /* Project object */;
			proxyType = 1;
			remoteGlobalIDString = D8DB56F3190E9AA000ABEAA8;
			remoteInfo = "Photo Bombers";
		};
/* End PBXContainerItemProxy section */

/* Begin PBXFileReference section */
		D8DB56F4190E9AA000ABEAA8 /* Photo Bombers.app */ = {isa = PBXFileReference; explicitFileType = wrapper.application; includeInIndex = 0; path = "Photo Bombers.app"; sourceTree = BUILT_PRODUCTS_DIR; };
		D8DB56F7190E9AA000ABEAA8 /* Foundation.framework */ = {isa = PBXFileReference; lastKnownFileType = wrapper.framework; name = Foundation.framework; path = System/Library/Frameworks/Foundation.framework; sourceTree = SDKROOT; };
		D8DB56F9190E9AA000ABEAA8 /* CoreGraphics.framework */ = {isa = PBXFileReference; lastKnownFileType = wrapper.framework; name = CoreGraphics.framework; path = System/Library/Frameworks/CoreGraphics.framework; sourceTree = SDKROOT; };
		D8DB56FB190E9AA000ABEAA8 /* UIKit.framework */ = {isa = PBXFileReference; lastKnownFileType = wrapper.framework; name = UIKit.framework; path = System/Library/Frameworks/UIKit.framework; sourceTree = SDKROOT; };
		D8DB56FF190E9AA000ABEAA8 /* Photo Bombers-Info.plist */ = {isa = PBXFileReference; lastKnownFileType = text.plist.xml; path = "Photo Bombers-Info.plist"; sourceTree = "<group>"; };
		D8DB5701190E9AA000ABEAA8 /* en */ = {isa = PBXFileReference; lastKnownFileType = text.plist.strings; name = en; path = en.lproj/InfoPlist.strings; sourceTree = "<group>"; };
		D8DB5703190E9AA000ABEAA8 /* main.m */ = {isa = PBXFileReference; lastKnownFileType = sourcecode.c.objc; path = main.m; sourceTree = "<group>"; };
		D8DB5705190E9AA000ABEAA8 /* Photo Bombers-Prefix.pch */ = {isa = PBXFileReference; lastKnownFileType = sourcecode.c.h; path = "Photo Bombers-Prefix.pch"; sourceTree = "<group>"; };
		D8DB5706190E9AA000ABEAA8 /* AppDelegate.h */ = {isa = PBXFileReference; lastKnownFileType = sourcecode.c.h; path = AppDelegate.h; sourceTree = "<group>"; };
		D8DB5707190E9AA000ABEAA8 /* AppDelegate.m */ = {isa = PBXFileReference; lastKnownFileType = sourcecode.c.objc; path = AppDelegate.m; sourceTree = "<group>"; };
		D8DB5709190E9AA000ABEAA8 /* Images.xcassets */ = {isa = PBXFileReference; lastKnownFileType = folder.assetcatalog; path = Images.xcassets; sourceTree = "<group>"; };
		D8DB570F190E9AA000ABEAA8 /* Photo BombersTests.xctest */ = {isa = PBXFileReference; explicitFileType = wrapper.cfbundle; includeInIndex = 0; path = "Photo BombersTests.xctest"; sourceTree = BUILT_PRODUCTS_DIR; };
		D8DB5710190E9AA000ABEAA8 /* XCTest.framework */ = {isa = PBXFileReference; lastKnownFileType = wrapper.framework; name = XCTest.framework; path = Library/Frameworks/XCTest.framework; sourceTree = DEVELOPER_DIR; };
		D8DB5718190E9AA000ABEAA8 /* Photo BombersTests-Info.plist */ = {isa = PBXFileReference; lastKnownFileType = text.plist.xml; path = "Photo BombersTests-Info.plist"; sourceTree = "<group>"; };
		D8DB571A190E9AA000ABEAA8 /* en */ = {isa = PBXFileReference; lastKnownFileType = text.plist.strings; name = en; path = en.lproj/InfoPlist.strings; sourceTree = "<group>"; };
		D8DB571C190E9AA000ABEAA8 /* Photo_BombersTests.m */ = {isa = PBXFileReference; lastKnownFileType = sourcecode.c.objc; path = Photo_BombersTests.m; sourceTree = "<group>"; };
/* End PBXFileReference section */

/* Begin PBXFrameworksBuildPhase section */
		D8DB56F1190E9AA000ABEAA8 /* Frameworks */ = {
			isa = PBXFrameworksBuildPhase;
			buildActionMask = 2147483647;
			files = (
				D8DB56FA190E9AA000ABEAA8 /* CoreGraphics.framework in Frameworks */,
				D8DB56FC190E9AA000ABEAA8 /* UIKit.framework in Frameworks */,
				D8DB56F8190E9AA000ABEAA8 /* Foundation.framework in Frameworks */,
			);
			runOnlyForDeploymentPostprocessing = 0;
		};
		D8DB570C190E9AA000ABEAA8 /* Frameworks */ = {
			isa = PBXFrameworksBuildPhase;
			buildActionMask = 2147483647;
			files = (
				D8DB5711190E9AA000ABEAA8 /* XCTest.framework in Frameworks */,
				D8DB5713190E9AA000ABEAA8 /* UIKit.framework in Frameworks */,
				D8DB5712190E9AA000ABEAA8 /* Foundation.framework in Frameworks */,
			);
			runOnlyForDeploymentPostprocessing = 0;
		};
/* End PBXFrameworksBuildPhase section */

/* Begin PBXGroup section */
		D8DB56EB190E9AA000ABEAA8 = {
			isa = PBXGroup;
			children = (
				D8DB56FD190E9AA000ABEAA8 /* Photo Bombers */,
				D8DB5716190E9AA000ABEAA8 /* Photo BombersTests */,
				D8DB56F6190E9AA000ABEAA8 /* Frameworks */,
				D8DB56F5190E9AA000ABEAA8 /* Products */,
			);
			sourceTree = "<group>";
		};
		D8DB56F5190E9AA000ABEAA8 /* Products */ = {
			isa = PBXGroup;
			children = (
				D8DB56F4190E9AA000ABEAA8 /* Photo Bombers.app */,
				D8DB570F190E9AA000ABEAA8 /* Photo BombersTests.xctest */,
			);
			name = Products;
			sourceTree = "<group>";
		};
		D8DB56F6190E9AA000ABEAA8 /* Frameworks */ = {
			isa = PBXGroup;
			children = (
				D8DB56F7190E9AA000ABEAA8 /* Foundation.framework */,
				D8DB56F9190E9AA000ABEAA8 /* CoreGraphics.framework */,
				D8DB56FB190E9AA000ABEAA8 /* UIKit.framework */,
				D8DB5710190E9AA000ABEAA8 /* XCTest.framework */,
			);
			name = Frameworks;
			sourceTree = "<group>";
		};
		D8DB56FD190E9AA000ABEAA8 /* Photo Bombers */ = {
			isa = PBXGroup;
			children = (
				D8DB5706190E9AA000ABEAA8 /* AppDelegate.h */,
				D8DB5707190E9AA000ABEAA8 /* AppDelegate.m */,
				D8DB5709190E9AA000ABEAA8 /* Images.xcassets */,
				D8DB56FE190E9AA000ABEAA8 /* Supporting Files */,
			);
			path = "Photo Bombers";
			sourceTree = "<group>";
		};
		D8DB56FE190E9AA000ABEAA8 /* Supporting Files */ = {
			isa = PBXGroup;
			children = (
				D8DB56FF190E9AA000ABEAA8 /* Photo Bombers-Info.plist */,
				D8DB5700190E9AA000ABEAA8 /* InfoPlist.strings */,
				D8DB5703190E9AA000ABEAA8 /* main.m */,
				D8DB5705190E9AA000ABEAA8 /* Photo Bombers-Prefix.pch */,
			);
			name = "Supporting Files";
			sourceTree = "<group>";
		};
		D8DB5716190E9AA000ABEAA8 /* Photo BombersTests */ = {
			isa = PBXGroup;
			children = (
				D8DB571C190E9AA000ABEAA8 /* Photo_BombersTests.m */,
				D8DB5717190E9AA000ABEAA8 /* Supporting Files */,
			);
			path = "Photo BombersTests";
			sourceTree = "<group>";
		};
		D8DB5717190E9AA000ABEAA8 /* Supporting Files */ = {
			isa = PBXGroup;
			children = (
				D8DB5718190E9AA000ABEAA8 /* Photo BombersTests-Info.plist */,
				D8DB5719190E9AA000ABEAA8 /* InfoPlist.strings */,
			);
			name = "Supporting Files";
			sourceTree = "<group>";
		};
/* End PBXGroup section */

/* Begin PBXNativeTarget section */
		D8DB56F3190E9AA000ABEAA8 /* Photo Bombers */ = {
			isa = PBXNativeTarget;
			buildConfigurationList = D8DB5720190E9AA100ABEAA8 /* Build configuration list for PBXNativeTarget "Photo Bombers" */;
			buildPhases = (
				D8DB56F0190E9AA000ABEAA8 /* Sources */,
				D8DB56F1190E9AA000ABEAA8 /* Frameworks */,
				D8DB56F2190E9AA000ABEAA8 /* Resources */,
			);
			buildRules = (
			);
			dependencies = (
			);
			name = "Photo Bombers";
			productName = "Photo Bombers";
			productReference = D8DB56F4190E9AA000ABEAA8 /* Photo Bombers.app */;
			productType = "com.apple.product-type.application";
		};
		D8DB570E190E9AA000ABEAA8 /* Photo BombersTests */ = {
			isa = PBXNativeTarget;
			buildConfigurationList = D8DB5723190E9AA100ABEAA8 /* Build configuration list for PBXNativeTarget "Photo BombersTests" */;
			buildPhases = (
				D8DB570B190E9AA000ABEAA8 /* Sources */,
				D8DB570C190E9AA000ABEAA8 /* Frameworks */,
				D8DB570D190E9AA000ABEAA8 /* Resources */,
			);
			buildRules = (
			);
			dependencies = (
				D8DB5715190E9AA000ABEAA8 /* PBXTargetDependency */,
			);
			name = "Photo BombersTests";
			productName = "Photo BombersTests";
			productReference = D8DB570F190E9AA000ABEAA8 /* Photo BombersTests.xctest */;
			productType = "com.apple.product-type.bundle.unit-test";
		};
/* End PBXNativeTarget section */

/* Begin PBXProject section */
		D8DB56EC190E9AA000ABEAA8 /* Project object */ = {
			isa = PBXProject;
			attributes = {
				LastUpgradeCheck = 0510;
				ORGANIZATIONNAME = AppSpaceship;
				TargetAttributes = {
					D8DB570E190E9AA000ABEAA8 = {
						TestTargetID = D8DB56F3190E9AA000ABEAA8;
					};
				};
			};
			buildConfigurationList = D8DB56EF190E9AA000ABEAA8 /* Build configuration list for PBXProject "Photo Bombers" */;
			compatibilityVersion = "Xcode 3.2";
			developmentRegion = English;
			hasScannedForEncodings = 0;
			knownRegions = (
				en,
			);
			mainGroup = D8DB56EB190E9AA000ABEAA8;
			productRefGroup = D8DB56F5190E9AA000ABEAA8 /* Products */;
			projectDirPath = "";
			projectRoot = "";
			targets = (
				D8DB56F3190E9AA000ABEAA8 /* Photo Bombers */,
				D8DB570E190E9AA000ABEAA8 /* Photo BombersTests */,
			);
		};
/* End PBXProject section */

/* Begin PBXResourcesBuildPhase section */
		D8DB56F2190E9AA000ABEAA8 /* Resources */ = {
			isa = PBXResourcesBuildPhase;
			buildActionMask = 2147483647;
			files = (
				D8DB5702190E9AA000ABEAA8 /* InfoPlist.strings in Resources */,
				D8DB570A190E9AA000ABEAA8 /* Images.xcassets in Resources */,
			);
			runOnlyForDeploymentPostprocessing = 0;
		};
		D8DB570D190E9AA000ABEAA8 /* Resources */ = {
			isa = PBXResourcesBuildPhase;
			buildActionMask = 2147483647;
			files = (
				D8DB571B190E9AA000ABEAA8 /* InfoPlist.strings in Resources */,
			);
			runOnlyForDeploymentPostprocessing = 0;
		};
/* End PBXResourcesBuildPhase section */

/* Begin PBXSourcesBuildPhase section */
		D8DB56F0190E9AA000ABEAA8 /* Sources */ = {
			isa = PBXSourcesBuildPhase;
			buildActionMask = 2147483647;
			files = (
				D8DB5708190E9AA000ABEAA8 /* AppDelegate.m in Sources */,
				D8DB5704190E9AA000ABEAA8 /* main.m in Sources */,
			);
			runOnlyForDeploymentPostprocessing = 0;
		};
		D8DB570B190E9AA000ABEAA8 /* Sources */ = {
			isa = PBXSourcesBuildPhase;
			buildActionMask = 2147483647;
			files = (
				D8DB571D190E9AA000ABEAA8 /* Photo_BombersTests.m in Sources */,
			);
			runOnlyForDeploymentPostprocessing = 0;
		};
/* End PBXSourcesBuildPhase section */

/* Begin PBXTargetDependency section */
		D8DB5715190E9AA000ABEAA8 /* PBXTargetDependency */ = {
			isa = PBXTargetDependency;
			target = D8DB56F3190E9AA000ABEAA8 /* Photo Bombers */;
			targetProxy = D8DB5714190E9AA000ABEAA8 /* PBXContainerItemProxy */;
		};
/* End PBXTargetDependency section */

/* Begin PBXVariantGroup section */
		D8DB5700190E9AA000ABEAA8 /* InfoPlist.strings */ = {
			isa = PBXVariantGroup;
			children = (
				D8DB5701190E9AA000ABEAA8 /* en */,
			);
			name = InfoPlist.strings;
			sourceTree = "<group>";
		};
		D8DB5719190E9AA000ABEAA8 /* InfoPlist.strings */ = {
			isa = PBXVariantGroup;
			children = (
				D8DB571A190E9AA000ABEAA8 /* en */,
			);
			name = InfoPlist.strings;
			sourceTree = "<group>";
		};
/* End PBXVariantGroup section */

/* Begin XCBuildConfiguration section */
		D8DB571E190E9AA100ABEAA8 /* Debug */ = {
			isa = XCBuildConfiguration;
			buildSettings = {
				ALWAYS_SEARCH_USER_PATHS = NO;
				CLANG_CXX_LANGUAGE_STANDARD = "gnu++0x";
				CLANG_CXX_LIBRARY = "libc++";
				CLANG_ENABLE_MODULES = YES;
				CLANG_ENABLE_OBJC_ARC = YES;
				CLANG_WARN_BOOL_CONVERSION = YES;
				CLANG_WARN_CONSTANT_CONVERSION = YES;
				CLANG_WARN_DIRECT_OBJC_ISA_USAGE = YES_ERROR;
				CLANG_WARN_EMPTY_BODY = YES;
				CLANG_WARN_ENUM_CONVERSION = YES;
				CLANG_WARN_INT_CONVERSION = YES;
				CLANG_WARN_OBJC_ROOT_CLASS = YES_ERROR;
				CLANG_WARN__DUPLICATE_METHOD_MATCH = YES;
				"CODE_SIGN_IDENTITY[sdk=iphoneos*]" = "iPhone Developer";
				COPY_PHASE_STRIP = NO;
				GCC_C_LANGUAGE_STANDARD = gnu99;
				GCC_DYNAMIC_NO_PIC = NO;
				GCC_OPTIMIZATION_LEVEL = 0;
				GCC_PREPROCESSOR_DEFINITIONS = (
					"DEBUG=1",
					"$(inherited)",
				);
				GCC_SYMBOLS_PRIVATE_EXTERN = NO;
				GCC_WARN_64_TO_32_BIT_CONVERSION = YES;
				GCC_WARN_ABOUT_RETURN_TYPE = YES_ERROR;
				GCC_WARN_UNDECLARED_SELECTOR = YES;
				GCC_WARN_UNINITIALIZED_AUTOS = YES_AGGRESSIVE;
				GCC_WARN_UNUSED_FUNCTION = YES;
				GCC_WARN_UNUSED_VARIABLE = YES;
				IPHONEOS_DEPLOYMENT_TARGET = 7.1;
				ONLY_ACTIVE_ARCH = YES;
				SDKROOT = iphoneos;
				TARGETED_DEVICE_FAMILY = "1,2";
			};
			name = Debug;
		};
		D8DB571F190E9AA100ABEAA8 /* Release */ = {
			isa = XCBuildConfiguration;
			buildSettings = {
				ALWAYS_SEARCH_USER_PATHS = NO;
				CLANG_CXX_LANGUAGE_STANDARD = "gnu++0x";
				CLANG_CXX_LIBRARY = "libc++";
				CLANG_ENABLE_MODULES = YES;
				CLANG_ENABLE_OBJC_ARC = YES;
				CLANG_WARN_BOOL_CONVERSION = YES;
				CLANG_WARN_CONSTANT_CONVERSION = YES;
				CLANG_WARN_DIRECT_OBJC_ISA_USAGE = YES_ERROR;
				CLANG_WARN_EMPTY_BODY = YES;
				CLANG_WARN_ENUM_CONVERSION = YES;
				CLANG_WARN_INT_CONVERSION = YES;
				CLANG_WARN_OBJC_ROOT_CLASS = YES_ERROR;
				CLANG_WARN__DUPLICATE_METHOD_MATCH = YES;
				"CODE_SIGN_IDENTITY[sdk=iphoneos*]" = "iPhone Developer";
				COPY_PHASE_STRIP = YES;
				ENABLE_NS_ASSERTIONS = NO;
				GCC_C_LANGUAGE_STANDARD = gnu99;
				GCC_WARN_64_TO_32_BIT_CONVERSION = YES;
				GCC_WARN_ABOUT_RETURN_TYPE = YES_ERROR;
				GCC_WARN_UNDECLARED_SELECTOR = YES;
				GCC_WARN_UNINITIALIZED_AUTOS = YES_AGGRESSIVE;
				GCC_WARN_UNUSED_FUNCTION = YES;
				GCC_WARN_UNUSED_VARIABLE = YES;
				IPHONEOS_DEPLOYMENT_TARGET = 7.1;
				SDKROOT = iphoneos;
				TARGETED_DEVICE_FAMILY = "1,2";
				VALIDATE_PRODUCT = YES;
			};
			name = Release;
		};
		D8DB5721190E9AA100ABEAA8 /* Debug */ = {
			isa = XCBuildConfiguration;
			buildSettings = {
				ASSETCATALOG_COMPILER_APPICON_NAME = AppIcon;
				ASSETCATALOG_COMPILER_LAUNCHIMAGE_NAME = LaunchImage;
				GCC_PRECOMPILE_PREFIX_HEADER = YES;
				GCC_PREFIX_HEADER = "Photo Bombers/Photo Bombers-Prefix.pch";
				INFOPLIST_FILE = "Photo Bombers/Photo Bombers-Info.plist";
				PRODUCT_NAME = "$(TARGET_NAME)";
				WRAPPER_EXTENSION = app;
			};
			name = Debug;
		};
		D8DB5722190E9AA100ABEAA8 /* Release */ = {
			isa = XCBuildConfiguration;
			buildSettings = {
				ASSETCATALOG_COMPILER_APPICON_NAME = AppIcon;
				ASSETCATALOG_COMPILER_LAUNCHIMAGE_NAME = LaunchImage;
				GCC_PRECOMPILE_PREFIX_HEADER = YES;
				GCC_PREFIX_HEADER = "Photo Bombers/Photo Bombers-Prefix.pch";
				INFOPLIST_FILE = "Photo Bombers/Photo Bombers-Info.plist";
				PRODUCT_NAME = "$(TARGET_NAME)";
				WRAPPER_EXTENSION = app;
			};
			name = Release;
		};
		D8DB5724190E9AA100ABEAA8 /* Debug */ = {
			isa = XCBuildConfiguration;
			buildSettings = {
				BUNDLE_LOADER = "$(BUILT_PRODUCTS_DIR)/Photo Bombers.app/Photo Bombers";
				FRAMEWORK_SEARCH_PATHS = (
					"$(SDKROOT)/Developer/Library/Frameworks",
					"$(inherited)",
					"$(DEVELOPER_FRAMEWORKS_DIR)",
				);
				GCC_PRECOMPILE_PREFIX_HEADER = YES;
				GCC_PREFIX_HEADER = "Photo Bombers/Photo Bombers-Prefix.pch";
				GCC_PREPROCESSOR_DEFINITIONS = (
					"DEBUG=1",
					"$(inherited)",
				);
				INFOPLIST_FILE = "Photo BombersTests/Photo BombersTests-Info.plist";
				PRODUCT_NAME = "$(TARGET_NAME)";
				TEST_HOST = "$(BUNDLE_LOADER)";
				WRAPPER_EXTENSION = xctest;
			};
			name = Debug;
		};
		D8DB5725190E9AA100ABEAA8 /* Release */ = {
			isa = XCBuildConfiguration;
			buildSettings = {
				BUNDLE_LOADER = "$(BUILT_PRODUCTS_DIR)/Photo Bombers.app/Photo Bombers";
				FRAMEWORK_SEARCH_PATHS = (
					"$(SDKROOT)/Developer/Library/Frameworks",
					"$(inherited)",
					"$(DEVELOPER_FRAMEWORKS_DIR)",
				);
				GCC_PRECOMPILE_PREFIX_HEADER = YES;
				GCC_PREFIX_HEADER = "Photo Bombers/Photo Bombers-Prefix.pch";
				INFOPLIST_FILE = "Photo BombersTests/Photo BombersTests-Info.plist";
				PRODUCT_NAME = "$(TARGET_NAME)";
				TEST_HOST = "$(BUNDLE_LOADER)";
				WRAPPER_EXTENSION = xctest;
			};
			name = Release;
		};
/* End XCBuildConfiguration section */

/* Begin XCConfigurationList section */
		D8DB56EF190E9AA000ABEAA8 /* Build configuration list for PBXProject "Photo Bombers" */ = {
			isa = XCConfigurationList;
			buildConfigurations = (
				D8DB571E190E9AA100ABEAA8 /* Debug */,
				D8DB571F190E9AA100ABEAA8 /* Release */,
			);
			defaultConfigurationIsVisible = 0;
			defaultConfigurationName = Release;
		};
		D8DB5720190E9AA100ABEAA8 /* Build configuration list for PBXNativeTarget "Photo Bombers" */ = {
			isa = XCConfigurationList;
			buildConfigurations = (
				D8DB5721190E9AA100ABEAA8 /* Debug */,
				D8DB5722190E9AA100ABEAA8 /* Release */,
			);
			defaultConfigurationIsVisible = 0;
		};
		D8DB5723190E9AA100ABEAA8 /* Build configuration list for PBXNativeTarget "Photo BombersTests" */ = {
			isa = XCConfigurationList;
			buildConfigurations = (
				D8DB5724190E9AA100ABEAA8 /* Debug */,
				D8DB5725190E9AA100ABEAA8 /* Release */,
			);
			defaultConfigurationIsVisible = 0;
		};
/* End XCConfigurationList section */
	};
	rootObject = D8DB56EC190E9AA000ABEAA8 /* Project object */;
}
